{
  "requires": true,
  "lockfileVersion": 1,
  "dependencies": {
    "paper": {
      "version": "0.12.15",
      "resolved": "https://registry.npmjs.org/paper/-/paper-0.12.15.tgz",
      "integrity": "sha512-9qqtcY+V0Sd2RTLZKh7rTfWDbhfitOrtq3kzgOufhGpuYpCUXM+3UIK61au14tI0F9NA4xSttDYfk376O50aPA=="
    }
  }
}
